PODS:
  - FlutterMacOS (1.0.0)
  - macospermission (0.0.1):
    - FlutterMacOS

DEPENDENCIES:
  - FlutterMacOS (from `Flutter/ephemeral`)
  - macospermission (from `Flutter/ephemeral/.symlinks/plugins/macospermission/macos`)

EXTERNAL SOURCES:
  FlutterMacOS:
    :path: Flutter/ephemeral
  macospermission:
    :path: Flutter/ephemeral/.symlinks/plugins/macospermission/macos

SPEC CHECKSUMS:
  FlutterMacOS: 57701585bf7de1b3fc2bb61f6378d73bbdea8424
  macospermission: 8c0e714924b38ec5317d8de5d4c7a9ff615fdda2

PODFILE CHECKSUM: 6eac6b3292e5142cfc23bdeb71848a40ec51c14c

COCOAPODS: 1.10.1
